
Microsoft Visual Studio Solution File, Format Version 12.00
# Visual Studio Version 17
VisualStudioVersion = 17.8.34330.188
MinimumVisualStudioVersion = 10.0.40219.1
Project("{2150E333-8FDC-42A3-9474-1A3956D46DE8}") = "src", "src", "{C0F428BD-664C-400B-B07C-2CBD3A2D4EB0}"
EndProject
Project("{2150E333-8FDC-42A3-9474-1A3956D46DE8}") = "Microservices", "Microservices", "{6AD6E8FE-81D4-45ED-9DAB-CCD8133586EB}"
EndProject
Project("{2150E333-8FDC-42A3-9474-1A3956D46DE8}") = "BuildingBlocks", "BuildingBlocks", "{5CFA29A0-C9E6-4223-B94D-621FE89454A6}"
EndProject
Project("{2150E333-8FDC-42A3-9474-1A3956D46DE8}") = "Services", "Services", "{02939D33-9568-4306-8DF4-4BAACCE434C4}"
EndProject
Project("{2150E333-8FDC-42A3-9474-1A3956D46DE8}") = "Identity", "Identity", "{D88981EF-C625-4D85-9BF6-41407CB038A1}"
EndProject
Project("{2150E333-8FDC-42A3-9474-1A3956D46DE8}") = "News", "News", "{7744A985-877D-48B8-8591-5AB576F664DA}"
EndProject
Project("{9A19103F-16F7-4668-BE54-9A1E7A4F7556}") = "NewsAggregator.Domain", "src\Microservices\BuildingBlocks\NewsAggregator.Domain\NewsAggregator.Domain.csproj", "{0E32B82D-7860-4B9C-A2D3-6671D39CEEB1}"
EndProject
Project("{9A19103F-16F7-4668-BE54-9A1E7A4F7556}") = "NewsAggregator.Infrastructure", "src\Microservices\BuildingBlocks\NewsAggregator.Infrastructure\NewsAggregator.Infrastructure.csproj", "{7FB8F301-8E48-4F48-BB0A-3E4B344D381A}"
EndProject
Project("{9A19103F-16F7-4668-BE54-9A1E7A4F7556}") = "NewsAggregator.News", "src\Microservices\Services\News\NewsAggregator.News\NewsAggregator.News.csproj", "{75411EC2-1DC4-471E-9C5D-A779DAC15784}"
EndProject
Project("{9A19103F-16F7-4668-BE54-9A1E7A4F7556}") = "NewsAggregator.Identity", "src\Microservices\Services\Identity\NewsAggregator.Identity\NewsAggregator.Identity.csproj", "{E0D29C46-E454-4916-A54B-7FD3255FD0F6}"
EndProject
Project("{2150E333-8FDC-42A3-9474-1A3956D46DE8}") = "Notification", "Notification", "{ECEDCD7F-D36C-466D-977C-C82FC44A2A32}"
EndProject
Project("{9A19103F-16F7-4668-BE54-9A1E7A4F7556}") = "NewsAggregator.Notification", "src\Microservices\Services\Notification\NewsAggregator.Notification\NewsAggregator.Notification.csproj", "{11F9EB00-95EA-4662-B84D-29813BAA3A0C}"
EndProject
Project("{9A19103F-16F7-4668-BE54-9A1E7A4F7556}") = "NewsAggregator.News.Api", "src\Microservices\Services\News\NewsAggregator.News.Api\NewsAggregator.News.Api.csproj", "{FC973B14-1EC3-4EA3-BB2A-FD1F430B1366}"
EndProject
Project("{9A19103F-16F7-4668-BE54-9A1E7A4F7556}") = "NewsAggregator.News.Tests", "src\Microservices\Services\News\NewsAggregator.News.Tests\NewsAggregator.News.Tests.csproj", "{C8501751-1282-4529-AAB3-F81071C45B1C}"
EndProject
Project("{2150E333-8FDC-42A3-9474-1A3956D46DE8}") = "Gateways", "Gateways", "{ED44C7DB-0B64-46DA-99CE-EB62F91B9C03}"
EndProject
Project("{9A19103F-16F7-4668-BE54-9A1E7A4F7556}") = "NewsAggregator.Gateways.Api", "src\Microservices\Gateways\NewsAggregator.Gateways.Api\NewsAggregator.Gateways.Api.csproj", "{6F53DC02-8B5D-4835-8D0B-0BFAF6C4F502}"
EndProject
Project("{9A19103F-16F7-4668-BE54-9A1E7A4F7556}") = "NewsAggregator.News.Benchmarks", "src\Microservices\Services\News\NewsAggregator.News.Benchmarks\NewsAggregator.News.Benchmarks.csproj", "{80A5EE36-A4D8-4EA3-B34C-536D97D215A1}"
EndProject
Project("{2150E333-8FDC-42A3-9474-1A3956D46DE8}") = "UIs", "UIs", "{88CA4354-BF43-4C79-87A6-67663F525763}"
EndProject
Project("{FAE04EC0-301F-11D3-BF4B-00C04F79EFBC}") = "NewsAggregator.News.Mvc", "src\Microservices\Services\News\NewsAggregator.News.Mvc\NewsAggregator.News.Mvc.csproj", "{D49433FD-2B08-4403-A1C4-E21226282172}"
EndProject
Project("{FAE04EC0-301F-11D3-BF4B-00C04F79EFBC}") = "NewsAggregator.News.Parser", "src\Microservices\Services\News\NewsAggregator.News.Parser\NewsAggregator.News.Parser.csproj", "{64048467-07E9-43CC-A789-E8AA5ADF32C6}"
EndProject
Project("{FAE04EC0-301F-11D3-BF4B-00C04F79EFBC}") = "NewsAggregator.News.Searcher", "src\Microservices\Services\News\NewsAggregator.News.Searcher\NewsAggregator.News.Searcher.csproj", "{DB49B646-4D54-448B-B72B-61A1D3E01AAA}"
EndProject
Global
	GlobalSection(SolutionConfigurationPlatforms) = preSolution
		Debug|Any CPU = Debug|Any CPU
		Release|Any CPU = Release|Any CPU
	EndGlobalSection
	GlobalSection(ProjectConfigurationPlatforms) = postSolution
		{0E32B82D-7860-4B9C-A2D3-6671D39CEEB1}.Debug|Any CPU.ActiveCfg = Debug|Any CPU
		{0E32B82D-7860-4B9C-A2D3-6671D39CEEB1}.Debug|Any CPU.Build.0 = Debug|Any CPU
		{0E32B82D-7860-4B9C-A2D3-6671D39CEEB1}.Release|Any CPU.ActiveCfg = Release|Any CPU
		{0E32B82D-7860-4B9C-A2D3-6671D39CEEB1}.Release|Any CPU.Build.0 = Release|Any CPU
		{7FB8F301-8E48-4F48-BB0A-3E4B344D381A}.Debug|Any CPU.ActiveCfg = Debug|Any CPU
		{7FB8F301-8E48-4F48-BB0A-3E4B344D381A}.Debug|Any CPU.Build.0 = Debug|Any CPU
		{7FB8F301-8E48-4F48-BB0A-3E4B344D381A}.Release|Any CPU.ActiveCfg = Release|Any CPU
		{7FB8F301-8E48-4F48-BB0A-3E4B344D381A}.Release|Any CPU.Build.0 = Release|Any CPU
		{75411EC2-1DC4-471E-9C5D-A779DAC15784}.Debug|Any CPU.ActiveCfg = Debug|Any CPU
		{75411EC2-1DC4-471E-9C5D-A779DAC15784}.Debug|Any CPU.Build.0 = Debug|Any CPU
		{75411EC2-1DC4-471E-9C5D-A779DAC15784}.Release|Any CPU.ActiveCfg = Release|Any CPU
		{75411EC2-1DC4-471E-9C5D-A779DAC15784}.Release|Any CPU.Build.0 = Release|Any CPU
		{E0D29C46-E454-4916-A54B-7FD3255FD0F6}.Debug|Any CPU.ActiveCfg = Debug|Any CPU
		{E0D29C46-E454-4916-A54B-7FD3255FD0F6}.Debug|Any CPU.Build.0 = Debug|Any CPU
		{E0D29C46-E454-4916-A54B-7FD3255FD0F6}.Release|Any CPU.ActiveCfg = Release|Any CPU
		{E0D29C46-E454-4916-A54B-7FD3255FD0F6}.Release|Any CPU.Build.0 = Release|Any CPU
		{11F9EB00-95EA-4662-B84D-29813BAA3A0C}.Debug|Any CPU.ActiveCfg = Debug|Any CPU
		{11F9EB00-95EA-4662-B84D-29813BAA3A0C}.Debug|Any CPU.Build.0 = Debug|Any CPU
		{11F9EB00-95EA-4662-B84D-29813BAA3A0C}.Release|Any CPU.ActiveCfg = Release|Any CPU
		{11F9EB00-95EA-4662-B84D-29813BAA3A0C}.Release|Any CPU.Build.0 = Release|Any CPU
		{FC973B14-1EC3-4EA3-BB2A-FD1F430B1366}.Debug|Any CPU.ActiveCfg = Debug|Any CPU
		{FC973B14-1EC3-4EA3-BB2A-FD1F430B1366}.Debug|Any CPU.Build.0 = Debug|Any CPU
		{FC973B14-1EC3-4EA3-BB2A-FD1F430B1366}.Release|Any CPU.ActiveCfg = Release|Any CPU
		{FC973B14-1EC3-4EA3-BB2A-FD1F430B1366}.Release|Any CPU.Build.0 = Release|Any CPU
		{C8501751-1282-4529-AAB3-F81071C45B1C}.Debug|Any CPU.ActiveCfg = Debug|Any CPU
		{C8501751-1282-4529-AAB3-F81071C45B1C}.Debug|Any CPU.Build.0 = Debug|Any CPU
		{C8501751-1282-4529-AAB3-F81071C45B1C}.Release|Any CPU.ActiveCfg = Release|Any CPU
		{C8501751-1282-4529-AAB3-F81071C45B1C}.Release|Any CPU.Build.0 = Release|Any CPU
		{6F53DC02-8B5D-4835-8D0B-0BFAF6C4F502}.Debug|Any CPU.ActiveCfg = Debug|Any CPU
		{6F53DC02-8B5D-4835-8D0B-0BFAF6C4F502}.Debug|Any CPU.Build.0 = Debug|Any CPU
		{6F53DC02-8B5D-4835-8D0B-0BFAF6C4F502}.Release|Any CPU.ActiveCfg = Release|Any CPU
		{6F53DC02-8B5D-4835-8D0B-0BFAF6C4F502}.Release|Any CPU.Build.0 = Release|Any CPU
		{80A5EE36-A4D8-4EA3-B34C-536D97D215A1}.Debug|Any CPU.ActiveCfg = Debug|Any CPU
		{80A5EE36-A4D8-4EA3-B34C-536D97D215A1}.Debug|Any CPU.Build.0 = Debug|Any CPU
		{80A5EE36-A4D8-4EA3-B34C-536D97D215A1}.Release|Any CPU.ActiveCfg = Release|Any CPU
		{80A5EE36-A4D8-4EA3-B34C-536D97D215A1}.Release|Any CPU.Build.0 = Release|Any CPU
		{D49433FD-2B08-4403-A1C4-E21226282172}.Debug|Any CPU.ActiveCfg = Debug|Any CPU
		{D49433FD-2B08-4403-A1C4-E21226282172}.Debug|Any CPU.Build.0 = Debug|Any CPU
		{D49433FD-2B08-4403-A1C4-E21226282172}.Release|Any CPU.ActiveCfg = Release|Any CPU
		{D49433FD-2B08-4403-A1C4-E21226282172}.Release|Any CPU.Build.0 = Release|Any CPU
		{64048467-07E9-43CC-A789-E8AA5ADF32C6}.Debug|Any CPU.ActiveCfg = Debug|Any CPU
		{64048467-07E9-43CC-A789-E8AA5ADF32C6}.Debug|Any CPU.Build.0 = Debug|Any CPU
		{64048467-07E9-43CC-A789-E8AA5ADF32C6}.Release|Any CPU.ActiveCfg = Release|Any CPU
		{64048467-07E9-43CC-A789-E8AA5ADF32C6}.Release|Any CPU.Build.0 = Release|Any CPU
		{DB49B646-4D54-448B-B72B-61A1D3E01AAA}.Debug|Any CPU.ActiveCfg = Debug|Any CPU
		{DB49B646-4D54-448B-B72B-61A1D3E01AAA}.Debug|Any CPU.Build.0 = Debug|Any CPU
		{DB49B646-4D54-448B-B72B-61A1D3E01AAA}.Release|Any CPU.ActiveCfg = Release|Any CPU
		{DB49B646-4D54-448B-B72B-61A1D3E01AAA}.Release|Any CPU.Build.0 = Release|Any CPU
	EndGlobalSection
	GlobalSection(SolutionProperties) = preSolution
		HideSolutionNode = FALSE
	EndGlobalSection
	GlobalSection(NestedProjects) = preSolution
		{6AD6E8FE-81D4-45ED-9DAB-CCD8133586EB} = {C0F428BD-664C-400B-B07C-2CBD3A2D4EB0}
		{5CFA29A0-C9E6-4223-B94D-621FE89454A6} = {6AD6E8FE-81D4-45ED-9DAB-CCD8133586EB}
		{02939D33-9568-4306-8DF4-4BAACCE434C4} = {6AD6E8FE-81D4-45ED-9DAB-CCD8133586EB}
		{D88981EF-C625-4D85-9BF6-41407CB038A1} = {02939D33-9568-4306-8DF4-4BAACCE434C4}
		{7744A985-877D-48B8-8591-5AB576F664DA} = {02939D33-9568-4306-8DF4-4BAACCE434C4}
		{0E32B82D-7860-4B9C-A2D3-6671D39CEEB1} = {5CFA29A0-C9E6-4223-B94D-621FE89454A6}
		{7FB8F301-8E48-4F48-BB0A-3E4B344D381A} = {5CFA29A0-C9E6-4223-B94D-621FE89454A6}
		{75411EC2-1DC4-471E-9C5D-A779DAC15784} = {7744A985-877D-48B8-8591-5AB576F664DA}
		{E0D29C46-E454-4916-A54B-7FD3255FD0F6} = {D88981EF-C625-4D85-9BF6-41407CB038A1}
		{ECEDCD7F-D36C-466D-977C-C82FC44A2A32} = {02939D33-9568-4306-8DF4-4BAACCE434C4}
		{11F9EB00-95EA-4662-B84D-29813BAA3A0C} = {ECEDCD7F-D36C-466D-977C-C82FC44A2A32}
		{FC973B14-1EC3-4EA3-BB2A-FD1F430B1366} = {7744A985-877D-48B8-8591-5AB576F664DA}
		{C8501751-1282-4529-AAB3-F81071C45B1C} = {7744A985-877D-48B8-8591-5AB576F664DA}
		{ED44C7DB-0B64-46DA-99CE-EB62F91B9C03} = {6AD6E8FE-81D4-45ED-9DAB-CCD8133586EB}
		{6F53DC02-8B5D-4835-8D0B-0BFAF6C4F502} = {ED44C7DB-0B64-46DA-99CE-EB62F91B9C03}
		{80A5EE36-A4D8-4EA3-B34C-536D97D215A1} = {7744A985-877D-48B8-8591-5AB576F664DA}
		{88CA4354-BF43-4C79-87A6-67663F525763} = {C0F428BD-664C-400B-B07C-2CBD3A2D4EB0}
		{D49433FD-2B08-4403-A1C4-E21226282172} = {7744A985-877D-48B8-8591-5AB576F664DA}
		{64048467-07E9-43CC-A789-E8AA5ADF32C6} = {7744A985-877D-48B8-8591-5AB576F664DA}
		{DB49B646-4D54-448B-B72B-61A1D3E01AAA} = {7744A985-877D-48B8-8591-5AB576F664DA}
	EndGlobalSection
	GlobalSection(ExtensibilityGlobals) = postSolution
		SolutionGuid = {D5E7907C-EDB2-449B-8860-F86555E8F584}
	EndGlobalSection
EndGlobal
